
Microsoft Visual Studio Solution File, Format Version 12.00
# Visual Studio Version 16
VisualStudioVersion = 16.0.29209.62
MinimumVisualStudioVersion = 10.0.40219.1
Project("{FAE04EC0-301F-11D3-BF4B-00C04F79EFBC}") = "NetworkModel", "NetworkModel\NetworkModel.csproj", "{C7309560-D718-4B10-B87C-4F37E25C360F}"
EndProject
Global
	GlobalSection(SolutionConfigurationPlatforms) = preSolution
		Debug|Any CPU = Debug|Any CPU
		Release|Any CPU = Release|Any CPU
	EndGlobalSection
	GlobalSection(ProjectConfigurationPlatforms) = postSolution
		{C7309560-D718-4B10-B87C-4F37E25C360F}.Debug|Any CPU.ActiveCfg = Debug|Any CPU
		{C7309560-D718-4B10-B87C-4F37E25C360F}.Debug|Any CPU.Build.0 = Debug|Any CPU
		{C7309560-D718-4B10-B87C-4F37E25C360F}.Release|Any CPU.ActiveCfg = Release|Any CPU
		{C7309560-D718-4B10-B87C-4F37E25C360F}.Release|Any CPU.Build.0 = Release|Any CPU
	EndGlobalSection
	GlobalSection(SolutionProperties) = preSolution
		HideSolutionNode = FALSE
	EndGlobalSection
	GlobalSection(ExtensibilityGlobals) = postSolution
		SolutionGuid = {870DE141-04C6-4372-A674-A129E65A9987}
	EndGlobalSection
EndGlobal
